
Microsoft Visual Studio Solution File, Format Version 12.00
# Visual Studio Version 16
VisualStudioVersion = 16.0.30413.136
MinimumVisualStudioVersion = 10.0.40219.1
Project("{9A19103F-16F7-4668-BE54-9A1E7A4F7556}") = "LinqExpressionsTests", "LinqExpressionsTests\LinqExpressionsTests.csproj", "{F5E76BF8-9B2C-4C9B-B6C3-424809FAFDF3}"
EndProject
Project("{9A19103F-16F7-4668-BE54-9A1E7A4F7556}") = "BinarySearch", "BinarySearch\BinarySearch.csproj", "{B06FCD01-85C7-4C55-AD18-B517647C6FC6}"
EndProject
Global
	GlobalSection(SolutionConfigurationPlatforms) = preSolution
		Debug|Any CPU = Debug|Any CPU
		Release|Any CPU = Release|Any CPU
	EndGlobalSection
	GlobalSection(ProjectConfigurationPlatforms) = postSolution
		{F5E76BF8-9B2C-4C9B-B6C3-424809FAFDF3}.Debug|Any CPU.ActiveCfg = Debug|Any CPU
		{F5E76BF8-9B2C-4C9B-B6C3-424809FAFDF3}.Debug|Any CPU.Build.0 = Debug|Any CPU
		{F5E76BF8-9B2C-4C9B-B6C3-424809FAFDF3}.Release|Any CPU.ActiveCfg = Release|Any CPU
		{F5E76BF8-9B2C-4C9B-B6C3-424809FAFDF3}.Release|Any CPU.Build.0 = Release|Any CPU
		{B06FCD01-85C7-4C55-AD18-B517647C6FC6}.Debug|Any CPU.ActiveCfg = Debug|Any CPU
		{B06FCD01-85C7-4C55-AD18-B517647C6FC6}.Debug|Any CPU.Build.0 = Debug|Any CPU
		{B06FCD01-85C7-4C55-AD18-B517647C6FC6}.Release|Any CPU.ActiveCfg = Release|Any CPU
		{B06FCD01-85C7-4C55-AD18-B517647C6FC6}.Release|Any CPU.Build.0 = Release|Any CPU
	EndGlobalSection
	GlobalSection(SolutionProperties) = preSolution
		HideSolutionNode = FALSE
	EndGlobalSection
	GlobalSection(ExtensibilityGlobals) = postSolution
		SolutionGuid = {E7058C6E-1E98-412D-B1D7-47E6DC7DD9AF}
	EndGlobalSection
EndGlobal
