
Microsoft Visual Studio Solution File, Format Version 12.00
# Visual Studio Version 16
VisualStudioVersion = 16.0.30309.148
MinimumVisualStudioVersion = 10.0.40219.1
Project("{9A19103F-16F7-4668-BE54-9A1E7A4F7556}") = "MatrixException", "MatrixException\MatrixException.csproj", "{0FEA1A45-B6A0-43BF-B08D-BC76E6B0B96A}"
EndProject
Project("{9A19103F-16F7-4668-BE54-9A1E7A4F7556}") = "MatrixExceptionTests", "MatrixExceptionTests\MatrixExceptionTests.csproj", "{6F384487-9ADB-4330-8E07-A6C139A3B375}"
EndProject
Project("{9A19103F-16F7-4668-BE54-9A1E7A4F7556}") = "Trees", "Trees\Trees.csproj", "{F14850FF-D561-4CEC-8E1C-6A3B88404C8F}"
EndProject
Project("{9A19103F-16F7-4668-BE54-9A1E7A4F7556}") = "TreesTests", "TreesTests\TreesTests.csproj", "{7C745C0E-18BB-45A2-8F8D-09B3F830C1EE}"
EndProject
Global
	GlobalSection(SolutionConfigurationPlatforms) = preSolution
		Debug|Any CPU = Debug|Any CPU
		Release|Any CPU = Release|Any CPU
	EndGlobalSection
	GlobalSection(ProjectConfigurationPlatforms) = postSolution
		{0FEA1A45-B6A0-43BF-B08D-BC76E6B0B96A}.Debug|Any CPU.ActiveCfg = Debug|Any CPU
		{0FEA1A45-B6A0-43BF-B08D-BC76E6B0B96A}.Debug|Any CPU.Build.0 = Debug|Any CPU
		{0FEA1A45-B6A0-43BF-B08D-BC76E6B0B96A}.Release|Any CPU.ActiveCfg = Release|Any CPU
		{0FEA1A45-B6A0-43BF-B08D-BC76E6B0B96A}.Release|Any CPU.Build.0 = Release|Any CPU
		{6F384487-9ADB-4330-8E07-A6C139A3B375}.Debug|Any CPU.ActiveCfg = Debug|Any CPU
		{6F384487-9ADB-4330-8E07-A6C139A3B375}.Debug|Any CPU.Build.0 = Debug|Any CPU
		{6F384487-9ADB-4330-8E07-A6C139A3B375}.Release|Any CPU.ActiveCfg = Release|Any CPU
		{6F384487-9ADB-4330-8E07-A6C139A3B375}.Release|Any CPU.Build.0 = Release|Any CPU
		{F14850FF-D561-4CEC-8E1C-6A3B88404C8F}.Debug|Any CPU.ActiveCfg = Debug|Any CPU
		{F14850FF-D561-4CEC-8E1C-6A3B88404C8F}.Debug|Any CPU.Build.0 = Debug|Any CPU
		{F14850FF-D561-4CEC-8E1C-6A3B88404C8F}.Release|Any CPU.ActiveCfg = Release|Any CPU
		{F14850FF-D561-4CEC-8E1C-6A3B88404C8F}.Release|Any CPU.Build.0 = Release|Any CPU
		{7C745C0E-18BB-45A2-8F8D-09B3F830C1EE}.Debug|Any CPU.ActiveCfg = Debug|Any CPU
		{7C745C0E-18BB-45A2-8F8D-09B3F830C1EE}.Debug|Any CPU.Build.0 = Debug|Any CPU
		{7C745C0E-18BB-45A2-8F8D-09B3F830C1EE}.Release|Any CPU.ActiveCfg = Release|Any CPU
		{7C745C0E-18BB-45A2-8F8D-09B3F830C1EE}.Release|Any CPU.Build.0 = Release|Any CPU
	EndGlobalSection
	GlobalSection(SolutionProperties) = preSolution
		HideSolutionNode = FALSE
	EndGlobalSection
	GlobalSection(ExtensibilityGlobals) = postSolution
		SolutionGuid = {8CB11CBE-741A-4B54-8702-C7AE825D0DEC}
	EndGlobalSection
EndGlobal
