
Microsoft Visual Studio Solution File, Format Version 12.00
# Visual Studio Version 16
VisualStudioVersion = 16.0.31605.320
MinimumVisualStudioVersion = 10.0.40219.1
Project("{FAE04EC0-301F-11D3-BF4B-00C04F79EFBC}") = "WebApiIntro", "WebApiIntro\WebApiIntro.csproj", "{3A7077C6-794F-4D2F-A7BC-2C2B415AEFDA}"
EndProject
Global
	GlobalSection(SolutionConfigurationPlatforms) = preSolution
		Debug|Any CPU = Debug|Any CPU
		Release|Any CPU = Release|Any CPU
	EndGlobalSection
	GlobalSection(ProjectConfigurationPlatforms) = postSolution
		{3A7077C6-794F-4D2F-A7BC-2C2B415AEFDA}.Debug|Any CPU.ActiveCfg = Debug|Any CPU
		{3A7077C6-794F-4D2F-A7BC-2C2B415AEFDA}.Debug|Any CPU.Build.0 = Debug|Any CPU
		{3A7077C6-794F-4D2F-A7BC-2C2B415AEFDA}.Release|Any CPU.ActiveCfg = Release|Any CPU
		{3A7077C6-794F-4D2F-A7BC-2C2B415AEFDA}.Release|Any CPU.Build.0 = Release|Any CPU
	EndGlobalSection
	GlobalSection(SolutionProperties) = preSolution
		HideSolutionNode = FALSE
	EndGlobalSection
	GlobalSection(ExtensibilityGlobals) = postSolution
		SolutionGuid = {0C239BE0-939B-4562-B065-11422A061B2B}
	EndGlobalSection
EndGlobal
