
Microsoft Visual Studio Solution File, Format Version 12.00
# Visual Studio Version 16
VisualStudioVersion = 16.0.30611.23
MinimumVisualStudioVersion = 10.0.40219.1
Project("{9A19103F-16F7-4668-BE54-9A1E7A4F7556}") = "CreditGiver", "CreditGiver\CreditGiver.csproj", "{08AC0267-0967-4FFF-8044-9F1B795F0AAB}"
EndProject
Project("{FAE04EC0-301F-11D3-BF4B-00C04F79EFBC}") = "CreditGiverTests", "CreditGiverTests\CreditGiverTests.csproj", "{4D12BA98-02C4-4C50-AC5C-9C1C02D1D960}"
EndProject
Global
	GlobalSection(SolutionConfigurationPlatforms) = preSolution
		Debug|Any CPU = Debug|Any CPU
		Release|Any CPU = Release|Any CPU
	EndGlobalSection
	GlobalSection(ProjectConfigurationPlatforms) = postSolution
		{08AC0267-0967-4FFF-8044-9F1B795F0AAB}.Debug|Any CPU.ActiveCfg = Debug|Any CPU
		{08AC0267-0967-4FFF-8044-9F1B795F0AAB}.Debug|Any CPU.Build.0 = Debug|Any CPU
		{08AC0267-0967-4FFF-8044-9F1B795F0AAB}.Release|Any CPU.ActiveCfg = Release|Any CPU
		{08AC0267-0967-4FFF-8044-9F1B795F0AAB}.Release|Any CPU.Build.0 = Release|Any CPU
		{4D12BA98-02C4-4C50-AC5C-9C1C02D1D960}.Debug|Any CPU.ActiveCfg = Debug|Any CPU
		{4D12BA98-02C4-4C50-AC5C-9C1C02D1D960}.Debug|Any CPU.Build.0 = Debug|Any CPU
		{4D12BA98-02C4-4C50-AC5C-9C1C02D1D960}.Release|Any CPU.ActiveCfg = Release|Any CPU
		{4D12BA98-02C4-4C50-AC5C-9C1C02D1D960}.Release|Any CPU.Build.0 = Release|Any CPU
	EndGlobalSection
	GlobalSection(SolutionProperties) = preSolution
		HideSolutionNode = FALSE
	EndGlobalSection
	GlobalSection(ExtensibilityGlobals) = postSolution
		SolutionGuid = {83864929-BA6D-47A3-8EE4-16264E6342FB}
	EndGlobalSection
EndGlobal
