
Microsoft Visual Studio Solution File, Format Version 12.00
# Visual Studio Version 16
VisualStudioVersion = 16.0.29230.47
MinimumVisualStudioVersion = 10.0.40219.1
Project("{FAE04EC0-301F-11D3-BF4B-00C04F79EFBC}") = "ConsoleParseJSON", "ConsoleParseJSON\ConsoleParseJSON.csproj", "{84FDAEF3-A400-4DAA-A1D1-62BB779A1F5B}"
EndProject
Project("{2150E333-8FDC-42A3-9474-1A3956D46DE8}") = "Solution Items", "Solution Items", "{5CD614E6-01E5-4F19-A398-46D86843B8B7}"
	ProjectSection(SolutionItems) = preProject
		readme.txt = readme.txt
	EndProjectSection
EndProject
Global
	GlobalSection(SolutionConfigurationPlatforms) = preSolution
		Debug|Any CPU = Debug|Any CPU
		Release|Any CPU = Release|Any CPU
	EndGlobalSection
	GlobalSection(ProjectConfigurationPlatforms) = postSolution
		{84FDAEF3-A400-4DAA-A1D1-62BB779A1F5B}.Debug|Any CPU.ActiveCfg = Debug|Any CPU
		{84FDAEF3-A400-4DAA-A1D1-62BB779A1F5B}.Debug|Any CPU.Build.0 = Debug|Any CPU
		{84FDAEF3-A400-4DAA-A1D1-62BB779A1F5B}.Release|Any CPU.ActiveCfg = Release|Any CPU
		{84FDAEF3-A400-4DAA-A1D1-62BB779A1F5B}.Release|Any CPU.Build.0 = Release|Any CPU
	EndGlobalSection
	GlobalSection(SolutionProperties) = preSolution
		HideSolutionNode = FALSE
	EndGlobalSection
	GlobalSection(ExtensibilityGlobals) = postSolution
		SolutionGuid = {52D1F7E3-C803-41EE-BFE8-761A31C6FD88}
	EndGlobalSection
EndGlobal
