
Microsoft Visual Studio Solution File, Format Version 12.00
# Visual Studio Version 16
VisualStudioVersion = 16.0.30413.136
MinimumVisualStudioVersion = 10.0.40219.1
Project("{9A19103F-16F7-4668-BE54-9A1E7A4F7556}") = "LinqProvider", "LinqProvider\LinqProvider.csproj", "{4268E019-0A5D-4EC2-BA5D-7C45E1FA262E}"
EndProject
Project("{FAE04EC0-301F-11D3-BF4B-00C04F79EFBC}") = "ConsoleApp1", "ConsoleApp1\ConsoleApp1.csproj", "{CCC0836F-4128-4072-BD29-79984E964431}"
EndProject
Global
	GlobalSection(SolutionConfigurationPlatforms) = preSolution
		Debug|Any CPU = Debug|Any CPU
		Release|Any CPU = Release|Any CPU
	EndGlobalSection
	GlobalSection(ProjectConfigurationPlatforms) = postSolution
		{4268E019-0A5D-4EC2-BA5D-7C45E1FA262E}.Debug|Any CPU.ActiveCfg = Debug|Any CPU
		{4268E019-0A5D-4EC2-BA5D-7C45E1FA262E}.Debug|Any CPU.Build.0 = Debug|Any CPU
		{4268E019-0A5D-4EC2-BA5D-7C45E1FA262E}.Release|Any CPU.ActiveCfg = Release|Any CPU
		{4268E019-0A5D-4EC2-BA5D-7C45E1FA262E}.Release|Any CPU.Build.0 = Release|Any CPU
		{CCC0836F-4128-4072-BD29-79984E964431}.Debug|Any CPU.ActiveCfg = Debug|Any CPU
		{CCC0836F-4128-4072-BD29-79984E964431}.Debug|Any CPU.Build.0 = Debug|Any CPU
		{CCC0836F-4128-4072-BD29-79984E964431}.Release|Any CPU.ActiveCfg = Release|Any CPU
		{CCC0836F-4128-4072-BD29-79984E964431}.Release|Any CPU.Build.0 = Release|Any CPU
	EndGlobalSection
	GlobalSection(SolutionProperties) = preSolution
		HideSolutionNode = FALSE
	EndGlobalSection
	GlobalSection(ExtensibilityGlobals) = postSolution
		SolutionGuid = {54B769B0-35C3-439D-95E9-53C6A9B94771}
	EndGlobalSection
EndGlobal
