
Microsoft Visual Studio Solution File, Format Version 12.00
# Visual Studio Version 16
VisualStudioVersion = 16.0.31515.178
MinimumVisualStudioVersion = 10.0.40219.1
Project("{FAE04EC0-301F-11D3-BF4B-00C04F79EFBC}") = "ASPNETCoreIntro", "ASPNETCoreIntro\ASPNETCoreIntro.csproj", "{841F9FB1-132A-46AC-BF8D-84AEA9F7E281}"
EndProject
Global
	GlobalSection(SolutionConfigurationPlatforms) = preSolution
		Debug|Any CPU = Debug|Any CPU
		Release|Any CPU = Release|Any CPU
	EndGlobalSection
	GlobalSection(ProjectConfigurationPlatforms) = postSolution
		{841F9FB1-132A-46AC-BF8D-84AEA9F7E281}.Debug|Any CPU.ActiveCfg = Debug|Any CPU
		{841F9FB1-132A-46AC-BF8D-84AEA9F7E281}.Debug|Any CPU.Build.0 = Debug|Any CPU
		{841F9FB1-132A-46AC-BF8D-84AEA9F7E281}.Release|Any CPU.ActiveCfg = Release|Any CPU
		{841F9FB1-132A-46AC-BF8D-84AEA9F7E281}.Release|Any CPU.Build.0 = Release|Any CPU
	EndGlobalSection
	GlobalSection(SolutionProperties) = preSolution
		HideSolutionNode = FALSE
	EndGlobalSection
	GlobalSection(ExtensibilityGlobals) = postSolution
		SolutionGuid = {8D79FD98-8D59-4576-8D28-FEC23AD74619}
	EndGlobalSection
EndGlobal
