
Microsoft Visual Studio Solution File, Format Version 12.00
# Visual Studio Version 16
VisualStudioVersion = 16.0.30804.86
MinimumVisualStudioVersion = 10.0.40219.1
Project("{FAE04EC0-301F-11D3-BF4B-00C04F79EFBC}") = "Entities", "Entities\Entities.csproj", "{00E5AFF1-78B3-42EF-B570-6B0046A289AD}"
EndProject
Project("{FAE04EC0-301F-11D3-BF4B-00C04F79EFBC}") = "MultithreadingUI", "MultithreadingUI\MultithreadingUI.csproj", "{BE74F47C-5F7D-4EFB-B33C-E081CE00798C}"
EndProject
Global
	GlobalSection(SolutionConfigurationPlatforms) = preSolution
		Debug|Any CPU = Debug|Any CPU
		Release|Any CPU = Release|Any CPU
	EndGlobalSection
	GlobalSection(ProjectConfigurationPlatforms) = postSolution
		{00E5AFF1-78B3-42EF-B570-6B0046A289AD}.Debug|Any CPU.ActiveCfg = Debug|Any CPU
		{00E5AFF1-78B3-42EF-B570-6B0046A289AD}.Debug|Any CPU.Build.0 = Debug|Any CPU
		{00E5AFF1-78B3-42EF-B570-6B0046A289AD}.Release|Any CPU.ActiveCfg = Release|Any CPU
		{00E5AFF1-78B3-42EF-B570-6B0046A289AD}.Release|Any CPU.Build.0 = Release|Any CPU
		{BE74F47C-5F7D-4EFB-B33C-E081CE00798C}.Debug|Any CPU.ActiveCfg = Debug|Any CPU
		{BE74F47C-5F7D-4EFB-B33C-E081CE00798C}.Debug|Any CPU.Build.0 = Debug|Any CPU
		{BE74F47C-5F7D-4EFB-B33C-E081CE00798C}.Release|Any CPU.ActiveCfg = Release|Any CPU
		{BE74F47C-5F7D-4EFB-B33C-E081CE00798C}.Release|Any CPU.Build.0 = Release|Any CPU
	EndGlobalSection
	GlobalSection(SolutionProperties) = preSolution
		HideSolutionNode = FALSE
	EndGlobalSection
	GlobalSection(ExtensibilityGlobals) = postSolution
		SolutionGuid = {289D3469-8DE8-4472-B3D9-3D96CA987BBC}
	EndGlobalSection
EndGlobal
